{
  "version": 4,
  "terraform_version": "1.12.2",
  "serial": 6,
  "lineage": "6bac3a27-d1aa-c47a-9993-4d6206a5d009",
  "outputs": {},
  "resources": [
    {
      "module": "module.frame_monitor",
      "mode": "data",
      "type": "aws_iam_policy_document",
      "name": "exec_trust",
      "provider": "provider[\"registry.terraform.io/hashicorp/aws\"]",
      "instances": [
        {
          "schema_version": 0,
          "attributes": {
            "id": "1077804475",
            "json": "{\n  \"Version\": \"2012-10-17\",\n  \"Statement\": [\n    {\n      \"Effect\": \"Allow\",\n      \"Action\": \"sts:AssumeRole\",\n      \"Principal\": {\n        \"Service\": \"ecs-tasks.amazonaws.com\"\n      }\n    }\n  ]\n}",
            "minified_json": "{\"Version\":\"2012-10-17\",\"Statement\":[{\"Effect\":\"Allow\",\"Action\":\"sts:AssumeRole\",\"Principal\":{\"Service\":\"ecs-tasks.amazonaws.com\"}}]}",
            "override_json": null,
            "override_policy_documents": null,
            "policy_id": null,
            "source_json": null,
            "source_policy_documents": null,
            "statement": [
              {
                "actions": [
                  "sts:AssumeRole"
                ],
                "condition": [],
                "effect": "Allow",
                "not_actions": [],
                "not_principals": [],
                "not_resources": [],
                "principals": [
                  {
                    "identifiers": [
                      "ecs-tasks.amazonaws.com"
                    ],
                    "type": "Service"
                  }
                ],
                "resources": [],
                "sid": ""
              }
            ],
            "version": "2012-10-17"
          },
          "sensitive_attributes": [],
          "identity_schema_version": 0
        }
      ]
    },
    {
      "module": "module.frame_monitor",
      "mode": "data",
      "type": "aws_iam_policy_document",
      "name": "sqs_consume",
      "provider": "provider[\"registry.terraform.io/hashicorp/aws\"]",
      "instances": [
        {
          "schema_version": 0,
          "attributes": {
            "id": "1053008173",
            "json": "{\n  \"Version\": \"2012-10-17\",\n  \"Statement\": [\n    {\n      \"Sid\": \"AllowReadAndDeleteFromNewFrames\",\n      \"Effect\": \"Allow\",\n      \"Action\": [\n        \"sqs:ReceiveMessage\",\n        \"sqs:GetQueueUrl\",\n        \"sqs:GetQueueAttributes\",\n        \"sqs:DeleteMessage\",\n        \"sqs:ChangeMessageVisibility\"\n      ],\n      \"Resource\": \"arn:aws:sqs:us-east-1:528757789458:NewFrames.fifo\"\n    }\n  ]\n}",
            "minified_json": "{\"Version\":\"2012-10-17\",\"Statement\":[{\"Sid\":\"AllowReadAndDeleteFromNewFrames\",\"Effect\":\"Allow\",\"Action\":[\"sqs:ReceiveMessage\",\"sqs:GetQueueUrl\",\"sqs:GetQueueAttributes\",\"sqs:DeleteMessage\",\"sqs:ChangeMessageVisibility\"],\"Resource\":\"arn:aws:sqs:us-east-1:528757789458:NewFrames.fifo\"}]}",
            "override_json": null,
            "override_policy_documents": null,
            "policy_id": null,
            "source_json": null,
            "source_policy_documents": null,
            "statement": [
              {
                "actions": [
                  "sqs:ChangeMessageVisibility",
                  "sqs:DeleteMessage",
                  "sqs:GetQueueAttributes",
                  "sqs:GetQueueUrl",
                  "sqs:ReceiveMessage"
                ],
                "condition": [],
                "effect": "Allow",
                "not_actions": [],
                "not_principals": [],
                "not_resources": [],
                "principals": [],
                "resources": [
                  "arn:aws:sqs:us-east-1:528757789458:NewFrames.fifo"
                ],
                "sid": "AllowReadAndDeleteFromNewFrames"
              }
            ],
            "version": "2012-10-17"
          },
          "sensitive_attributes": [],
          "identity_schema_version": 0
        }
      ]
    },
    {
      "module": "module.frame_monitor",
      "mode": "data",
      "type": "aws_iam_policy_document",
      "name": "task_trust",
      "provider": "provider[\"registry.terraform.io/hashicorp/aws\"]",
      "instances": [
        {
          "schema_version": 0,
          "attributes": {
            "id": "1077804475",
            "json": "{\n  \"Version\": \"2012-10-17\",\n  \"Statement\": [\n    {\n      \"Effect\": \"Allow\",\n      \"Action\": \"sts:AssumeRole\",\n      \"Principal\": {\n        \"Service\": \"ecs-tasks.amazonaws.com\"\n      }\n    }\n  ]\n}",
            "minified_json": "{\"Version\":\"2012-10-17\",\"Statement\":[{\"Effect\":\"Allow\",\"Action\":\"sts:AssumeRole\",\"Principal\":{\"Service\":\"ecs-tasks.amazonaws.com\"}}]}",
            "override_json": null,
            "override_policy_documents": null,
            "policy_id": null,
            "source_json": null,
            "source_policy_documents": null,
            "statement": [
              {
                "actions": [
                  "sts:AssumeRole"
                ],
                "condition": [],
                "effect": "Allow",
                "not_actions": [],
                "not_principals": [],
                "not_resources": [],
                "principals": [
                  {
                    "identifiers": [
                      "ecs-tasks.amazonaws.com"
                    ],
                    "type": "Service"
                  }
                ],
                "resources": [],
                "sid": ""
              }
            ],
            "version": "2012-10-17"
          },
          "sensitive_attributes": [],
          "identity_schema_version": 0
        }
      ]
    },
    {
      "module": "module.frame_monitor",
      "mode": "data",
      "type": "aws_sqs_queue",
      "name": "newframes",
      "provider": "provider[\"registry.terraform.io/hashicorp/aws\"]",
      "instances": [
        {
          "schema_version": 0,
          "attributes": {
            "arn": "arn:aws:sqs:us-east-1:528757789458:NewFrames.fifo",
            "id": "https://sqs.us-east-1.amazonaws.com/528757789458/NewFrames.fifo",
            "name": "NewFrames.fifo",
            "region": "us-east-1",
            "tags": {},
            "url": "https://sqs.us-east-1.amazonaws.com/528757789458/NewFrames.fifo"
          },
          "sensitive_attributes": [],
          "identity_schema_version": 0
        }
      ]
    },
    {
      "module": "module.frame_monitor",
      "mode": "managed",
      "type": "aws_iam_policy",
      "name": "sqs_consume_policy",
      "provider": "provider[\"registry.terraform.io/hashicorp/aws\"]",
      "instances": [
        {
          "schema_version": 0,
          "attributes": {
            "arn": "arn:aws:iam::528757789458:policy/frame-monitor-sqs-consume",
            "attachment_count": 0,
            "description": "",
            "id": "arn:aws:iam::528757789458:policy/frame-monitor-sqs-consume",
            "name": "frame-monitor-sqs-consume",
            "name_prefix": "",
            "path": "/",
            "policy": "{\"Statement\":[{\"Action\":[\"sqs:ReceiveMessage\",\"sqs:GetQueueUrl\",\"sqs:GetQueueAttributes\",\"sqs:DeleteMessage\",\"sqs:ChangeMessageVisibility\"],\"Effect\":\"Allow\",\"Resource\":\"arn:aws:sqs:us-east-1:528757789458:NewFrames.fifo\",\"Sid\":\"AllowReadAndDeleteFromNewFrames\"}],\"Version\":\"2012-10-17\"}",
            "policy_id": "ANPAXWHDLSMJCFEJJGF3L",
            "tags": {
              "Component": "FrameMonitor",
              "Environment": "dev",
              "Project": "SafeSight"
            },
            "tags_all": {
              "Component": "FrameMonitor",
              "Environment": "dev",
              "Project": "SafeSight"
            }
          },
          "sensitive_attributes": [],
          "identity_schema_version": 0,
          "identity": {
            "arn": "arn:aws:iam::528757789458:policy/frame-monitor-sqs-consume"
          },
          "private": "bnVsbA==",
          "dependencies": [
            "module.frame_monitor.data.aws_iam_policy_document.sqs_consume",
            "module.frame_monitor.data.aws_sqs_queue.newframes"
          ]
        }
      ]
    },
    {
      "module": "module.frame_monitor",
      "mode": "managed",
      "type": "aws_iam_role",
      "name": "execution_role",
      "provider": "provider[\"registry.terraform.io/hashicorp/aws\"]",
      "instances": [
        {
          "schema_version": 0,
          "attributes": {
            "arn": "arn:aws:iam::528757789458:role/frame-monitor-exec-role",
            "assume_role_policy": "{\"Statement\":[{\"Action\":\"sts:AssumeRole\",\"Effect\":\"Allow\",\"Principal\":{\"Service\":\"ecs-tasks.amazonaws.com\"}}],\"Version\":\"2012-10-17\"}",
            "create_date": "2025-08-14T18:08:21Z",
            "description": "",
            "force_detach_policies": false,
            "id": "frame-monitor-exec-role",
            "inline_policy": [],
            "managed_policy_arns": [],
            "max_session_duration": 3600,
            "name": "frame-monitor-exec-role",
            "name_prefix": "",
            "path": "/",
            "permissions_boundary": "",
            "tags": {
              "Component": "FrameMonitor",
              "Environment": "dev",
              "Project": "SafeSight"
            },
            "tags_all": {
              "Component": "FrameMonitor",
              "Environment": "dev",
              "Project": "SafeSight"
            },
            "unique_id": "AROAXWHDLSMJAP2WCDKCR"
          },
          "sensitive_attributes": [],
          "identity_schema_version": 0,
          "identity": {
            "account_id": "528757789458",
            "name": "frame-monitor-exec-role"
          },
          "private": "bnVsbA==",
          "dependencies": [
            "module.frame_monitor.data.aws_iam_policy_document.exec_trust"
          ]
        }
      ]
    },
    {
      "module": "module.frame_monitor",
      "mode": "managed",
      "type": "aws_iam_role",
      "name": "task_role",
      "provider": "provider[\"registry.terraform.io/hashicorp/aws\"]",
      "instances": [
        {
          "schema_version": 0,
          "attributes": {
            "arn": "arn:aws:iam::528757789458:role/frame-monitor-task-role",
            "assume_role_policy": "{\"Statement\":[{\"Action\":\"sts:AssumeRole\",\"Effect\":\"Allow\",\"Principal\":{\"Service\":\"ecs-tasks.amazonaws.com\"}}],\"Version\":\"2012-10-17\"}",
            "create_date": "2025-08-14T18:08:21Z",
            "description": "",
            "force_detach_policies": false,
            "id": "frame-monitor-task-role",
            "inline_policy": [],
            "managed_policy_arns": [],
            "max_session_duration": 3600,
            "name": "frame-monitor-task-role",
            "name_prefix": "",
            "path": "/",
            "permissions_boundary": "",
            "tags": {
              "Component": "FrameMonitor",
              "Environment": "dev",
              "Project": "SafeSight"
            },
            "tags_all": {
              "Component": "FrameMonitor",
              "Environment": "dev",
              "Project": "SafeSight"
            },
            "unique_id": "AROAXWHDLSMJL6CXZLWHJ"
          },
          "sensitive_attributes": [],
          "identity_schema_version": 0,
          "identity": {
            "account_id": "528757789458",
            "name": "frame-monitor-task-role"
          },
          "private": "bnVsbA==",
          "dependencies": [
            "module.frame_monitor.data.aws_iam_policy_document.task_trust"
          ]
        }
      ]
    },
    {
      "module": "module.frame_monitor",
      "mode": "managed",
      "type": "aws_iam_role_policy_attachment",
      "name": "attach_sqs_policy",
      "provider": "provider[\"registry.terraform.io/hashicorp/aws\"]",
      "instances": [
        {
          "schema_version": 0,
          "attributes": {
            "id": "frame-monitor-task-role/arn:aws:iam::528757789458:policy/frame-monitor-sqs-consume",
            "policy_arn": "arn:aws:iam::528757789458:policy/frame-monitor-sqs-consume",
            "role": "frame-monitor-task-role"
          },
          "sensitive_attributes": [],
          "identity_schema_version": 0,
          "identity": {
            "account_id": "528757789458",
            "policy_arn": "arn:aws:iam::528757789458:policy/frame-monitor-sqs-consume",
            "role": "frame-monitor-task-role"
          },
          "private": "bnVsbA==",
          "dependencies": [
            "module.frame_monitor.aws_iam_policy.sqs_consume_policy",
            "module.frame_monitor.aws_iam_role.task_role",
            "module.frame_monitor.data.aws_iam_policy_document.sqs_consume",
            "module.frame_monitor.data.aws_iam_policy_document.task_trust",
            "module.frame_monitor.data.aws_sqs_queue.newframes"
          ]
        }
      ]
    },
    {
      "module": "module.frame_monitor",
      "mode": "managed",
      "type": "aws_iam_role_policy_attachment",
      "name": "exec_attach",
      "provider": "provider[\"registry.terraform.io/hashicorp/aws\"]",
      "instances": [
        {
          "schema_version": 0,
          "attributes": {
            "id": "frame-monitor-exec-role/arn:aws:iam::aws:policy/service-role/AmazonECSTaskExecutionRolePolicy",
            "policy_arn": "arn:aws:iam::aws:policy/service-role/AmazonECSTaskExecutionRolePolicy",
            "role": "frame-monitor-exec-role"
          },
          "sensitive_attributes": [],
          "identity_schema_version": 0,
          "identity": {
            "account_id": "528757789458",
            "policy_arn": "arn:aws:iam::aws:policy/service-role/AmazonECSTaskExecutionRolePolicy",
            "role": "frame-monitor-exec-role"
          },
          "private": "bnVsbA==",
          "dependencies": [
            "module.frame_monitor.aws_iam_role.execution_role",
            "module.frame_monitor.data.aws_iam_policy_document.exec_trust"
          ]
        }
      ]
    }
  ],
  "check_results": null
}
